
Microsoft Visual Studio Solution File, Format Version 12.00
# Visual Studio Version 16
VisualStudioVersion = 16.0.31911.196
MinimumVisualStudioVersion = 10.0.40219.1
Project("{FAE04EC0-301F-11D3-BF4B-00C04F79EFBC}") = "TD 9 Qualité de dev", "TD 9 Qualité de dev.csproj", "{F5A7EC42-01E5-404B-8751-854F365F4D06}"
EndProject
Global
	GlobalSection(SolutionConfigurationPlatforms) = preSolution
		Debug|Any CPU = Debug|Any CPU
		Release|Any CPU = Release|Any CPU
	EndGlobalSection
	GlobalSection(ProjectConfigurationPlatforms) = postSolution
		{F5A7EC42-01E5-404B-8751-854F365F4D06}.Debug|Any CPU.ActiveCfg = Debug|Any CPU
		{F5A7EC42-01E5-404B-8751-854F365F4D06}.Debug|Any CPU.Build.0 = Debug|Any CPU
		{F5A7EC42-01E5-404B-8751-854F365F4D06}.Release|Any CPU.ActiveCfg = Release|Any CPU
		{F5A7EC42-01E5-404B-8751-854F365F4D06}.Release|Any CPU.Build.0 = Release|Any CPU
	EndGlobalSection
	GlobalSection(SolutionProperties) = preSolution
		HideSolutionNode = FALSE
	EndGlobalSection
	GlobalSection(ExtensibilityGlobals) = postSolution
		SolutionGuid = {7E95BB55-F500-475E-9BD5-AB7DA8818B41}
	EndGlobalSection
EndGlobal
